# This file is @generated by PDM.
# It is not intended for manual editing.

[metadata]
groups = ["default"]
strategy = ["inherit_metadata"]
lock_version = "4.5.0"
content_hash = "sha256:cc41b2181b82e76e0028582651b34b91beac895a08547e109ec6aa1963cef227"

[[metadata.targets]]
requires_python = ">=3.12"

[[package]]
name = "tk"
version = "0.1.0"
summary = "TensorKit is a deep learning helper between Python and C++."
groups = ["default"]
files = [
    {file = "tk-0.1.0-py3-none-any.whl", hash = "sha256:703a69ff0d5ba2bd2f7440582ad10160e4a6561595d33457dc6caa79b9bf4930"},
    {file = "tk-0.1.0.tar.gz", hash = "sha256:60bc8923d5d35f67f5c6bd93d4f0c49d2048114ec077768f959aef36d4ed97f8"},
]
